// !$*UTF8*$!
{
	archiveVersion = 1;
	classes = {
	};
	objectVersion = 56;
	objects = {

/* Begin PBXBuildFile section */
		977CDB402A837B810076B19D /* TopRatedView.swift in Sources */ = {isa = PBXBuildFile; fileRef = 977CDB3F2A837B810076B19D /* TopRatedView.swift */; };
		977CDB442A8504E90076B19D /* NetworkFecthingProtocol.swift in Sources */ = {isa = PBXBuildFile; fileRef = 977CDB432A8504E90076B19D /* NetworkFecthingProtocol.swift */; };
		977CDB472A85053A0076B19D /* URLSessionExtension.swift in Sources */ = {isa = PBXBuildFile; fileRef = 977CDB462A85053A0076B19D /* URLSessionExtension.swift */; };
		977CDB492A8506400076B19D /* URLProtocolMock.swift in Sources */ = {isa = PBXBuildFile; fileRef = 977CDB482A8506400076B19D /* URLProtocolMock.swift */; };
		977CDB4B2A85066E0076B19D /* NetworkFetchingMock.swift in Sources */ = {isa = PBXBuildFile; fileRef = 977CDB4A2A85066E0076B19D /* NetworkFetchingMock.swift */; };
		977CDB4E2A8506C50076B19D /* SearchMovieDataSourceTest.swift in Sources */ = {isa = PBXBuildFile; fileRef = 977CDB4D2A8506C50076B19D /* SearchMovieDataSourceTest.swift */; };
		977CDB502A85093C0076B19D /* MoviesResponse.swift in Sources */ = {isa = PBXBuildFile; fileRef = 977CDB4F2A85093C0076B19D /* MoviesResponse.swift */; };
		97B0CABE2A792C8F007BFA61 /* moviesApp.swift in Sources */ = {isa = PBXBuildFile; fileRef = 97B0CABD2A792C8F007BFA61 /* moviesApp.swift */; };
		97B0CAC02A792C8F007BFA61 /* HomeView.swift in Sources */ = {isa = PBXBuildFile; fileRef = 97B0CABF2A792C8F007BFA61 /* HomeView.swift */; };
		97B0CAC22A792C90007BFA61 /* Assets.xcassets in Resources */ = {isa = PBXBuildFile; fileRef = 97B0CAC12A792C90007BFA61 /* Assets.xcassets */; };
		97B0CAC52A792C90007BFA61 /* Preview Assets.xcassets in Resources */ = {isa = PBXBuildFile; fileRef = 97B0CAC42A792C90007BFA61 /* Preview Assets.xcassets */; };
		97B0CACF2A792C90007BFA61 /* HomeViewModelTests.swift in Sources */ = {isa = PBXBuildFile; fileRef = 97B0CACE2A792C90007BFA61 /* HomeViewModelTests.swift */; };
		97B0CAED2A79931C007BFA61 /* SearchMoviesDataSourceImpl.swift in Sources */ = {isa = PBXBuildFile; fileRef = 97B0CAEC2A79931C007BFA61 /* SearchMoviesDataSourceImpl.swift */; };
		97B0CAF32A7993C2007BFA61 /* SearchMoviesDataSourceProtocol.swift in Sources */ = {isa = PBXBuildFile; fileRef = 97B0CAF22A7993C2007BFA61 /* SearchMoviesDataSourceProtocol.swift */; };
		97B0CAF52A7993D5007BFA61 /* SearchRepositoryProtocol.swift in Sources */ = {isa = PBXBuildFile; fileRef = 97B0CAF42A7993D5007BFA61 /* SearchRepositoryProtocol.swift */; };
		97B0CAF72A7993EA007BFA61 /* Movie.swift in Sources */ = {isa = PBXBuildFile; fileRef = 97B0CAF62A7993EA007BFA61 /* Movie.swift */; };
		97B0CB352A7AB878007BFA61 /* SearchRepositoryImpl.swift in Sources */ = {isa = PBXBuildFile; fileRef = 97B0CB342A7AB878007BFA61 /* SearchRepositoryImpl.swift */; };
		97B0CB372A7ABEFA007BFA61 /* HomeViewModel.swift in Sources */ = {isa = PBXBuildFile; fileRef = 97B0CB362A7ABEFA007BFA61 /* HomeViewModel.swift */; };
		97BA48182A7BF3FB00FCA6A6 /* PosterView.swift in Sources */ = {isa = PBXBuildFile; fileRef = 97BA48172A7BF3FB00FCA6A6 /* PosterView.swift */; };
		97BA481B2A7EA06400FCA6A6 /* DetailsView.swift in Sources */ = {isa = PBXBuildFile; fileRef = 97BA481A2A7EA06400FCA6A6 /* DetailsView.swift */; };
		97BA48202A7FC9F600FCA6A6 /* DetailsViewModel.swift in Sources */ = {isa = PBXBuildFile; fileRef = 97BA481F2A7FC9F600FCA6A6 /* DetailsViewModel.swift */; };
		97BA48242A80E9AF00FCA6A6 /* MainView.swift in Sources */ = {isa = PBXBuildFile; fileRef = 97BA48232A80E9AF00FCA6A6 /* MainView.swift */; };
		97BA48262A80FD9000FCA6A6 /* Serie.swift in Sources */ = {isa = PBXBuildFile; fileRef = 97BA48252A80FD9000FCA6A6 /* Serie.swift */; };
		97BA48282A80FDE600FCA6A6 /* SearchSeriesDataSourceProtocol.swift in Sources */ = {isa = PBXBuildFile; fileRef = 97BA48272A80FDE600FCA6A6 /* SearchSeriesDataSourceProtocol.swift */; };
		97BA48302A81016700FCA6A6 /* SearchSeriesDataSourceImpl.swift in Sources */ = {isa = PBXBuildFile; fileRef = 97BA482F2A81016700FCA6A6 /* SearchSeriesDataSourceImpl.swift */; };
		97BA48342A8104DC00FCA6A6 /* TVListView.swift in Sources */ = {isa = PBXBuildFile; fileRef = 97BA48332A8104DC00FCA6A6 /* TVListView.swift */; };
		97BA48362A8104E600FCA6A6 /* TVListViewModel.swift in Sources */ = {isa = PBXBuildFile; fileRef = 97BA48352A8104E600FCA6A6 /* TVListViewModel.swift */; };
		97BA48382A8104F300FCA6A6 /* TVDetailsView.swift in Sources */ = {isa = PBXBuildFile; fileRef = 97BA48372A8104F300FCA6A6 /* TVDetailsView.swift */; };
		97BA483A2A816C9800FCA6A6 /* Token.swift in Sources */ = {isa = PBXBuildFile; fileRef = 97BA48392A816C9800FCA6A6 /* Token.swift */; };
		97BA483D2A81709200FCA6A6 /* NetworkError.swift in Sources */ = {isa = PBXBuildFile; fileRef = 97BA483C2A81709200FCA6A6 /* NetworkError.swift */; };
		97BA483F2A81728900FCA6A6 /* MovieSerie.swift in Sources */ = {isa = PBXBuildFile; fileRef = 97BA483E2A81728900FCA6A6 /* MovieSerie.swift */; };
		97BA48412A8246BC00FCA6A6 /* ListTopRateDataSourceImpl.swift in Sources */ = {isa = PBXBuildFile; fileRef = 97BA48402A8246BC00FCA6A6 /* ListTopRateDataSourceImpl.swift */; };
		97BA48432A824B5500FCA6A6 /* ListTopRatedDataSourceProtocol.swift in Sources */ = {isa = PBXBuildFile; fileRef = 97BA48422A824B5500FCA6A6 /* ListTopRatedDataSourceProtocol.swift */; };
		97BF99452A82B850004C4BAB /* SearchRepositoryMock.swift in Sources */ = {isa = PBXBuildFile; fileRef = 97BF99442A82B850004C4BAB /* SearchRepositoryMock.swift */; };
/* End PBXBuildFile section */

/* Begin PBXContainerItemProxy section */
		97B0CACB2A792C90007BFA61 /* PBXContainerItemProxy */ = {
			isa = PBXContainerItemProxy;
			containerPortal = 97B0CAB22A792C8F007BFA61 /* Project object */;
			proxyType = 1;
			remoteGlobalIDString = 97B0CAB92A792C8F007BFA61;
			remoteInfo = movies;
		};
/* End PBXContainerItemProxy section */

/* Begin PBXFileReference section */
		977CDB3F2A837B810076B19D /* TopRatedView.swift */ = {isa = PBXFileReference; lastKnownFileType = sourcecode.swift; path = TopRatedView.swift; sourceTree = "<group>"; };
		977CDB432A8504E90076B19D /* NetworkFecthingProtocol.swift */ = {isa = PBXFileReference; lastKnownFileType = sourcecode.swift; path = NetworkFecthingProtocol.swift; sourceTree = "<group>"; };
		977CDB462A85053A0076B19D /* URLSessionExtension.swift */ = {isa = PBXFileReference; lastKnownFileType = sourcecode.swift; path = URLSessionExtension.swift; sourceTree = "<group>"; };
		977CDB482A8506400076B19D /* URLProtocolMock.swift */ = {isa = PBXFileReference; lastKnownFileType = sourcecode.swift; path = URLProtocolMock.swift; sourceTree = "<group>"; };
		977CDB4A2A85066E0076B19D /* NetworkFetchingMock.swift */ = {isa = PBXFileReference; lastKnownFileType = sourcecode.swift; path = NetworkFetchingMock.swift; sourceTree = "<group>"; };
		977CDB4D2A8506C50076B19D /* SearchMovieDataSourceTest.swift */ = {isa = PBXFileReference; lastKnownFileType = sourcecode.swift; path = SearchMovieDataSourceTest.swift; sourceTree = "<group>"; };
		977CDB4F2A85093C0076B19D /* MoviesResponse.swift */ = {isa = PBXFileReference; lastKnownFileType = sourcecode.swift; path = MoviesResponse.swift; sourceTree = "<group>"; };
		97B0CABA2A792C8F007BFA61 /* movies.app */ = {isa = PBXFileReference; explicitFileType = wrapper.application; includeInIndex = 0; path = movies.app; sourceTree = BUILT_PRODUCTS_DIR; };
		97B0CABD2A792C8F007BFA61 /* moviesApp.swift */ = {isa = PBXFileReference; lastKnownFileType = sourcecode.swift; path = moviesApp.swift; sourceTree = "<group>"; };
		97B0CABF2A792C8F007BFA61 /* HomeView.swift */ = {isa = PBXFileReference; lastKnownFileType = sourcecode.swift; path = HomeView.swift; sourceTree = "<group>"; };
		97B0CAC12A792C90007BFA61 /* Assets.xcassets */ = {isa = PBXFileReference; lastKnownFileType = folder.assetcatalog; path = Assets.xcassets; sourceTree = "<group>"; };
		97B0CAC42A792C90007BFA61 /* Preview Assets.xcassets */ = {isa = PBXFileReference; lastKnownFileType = folder.assetcatalog; path = "Preview Assets.xcassets"; sourceTree = "<group>"; };
		97B0CACA2A792C90007BFA61 /* moviesTests.xctest */ = {isa = PBXFileReference; explicitFileType = wrapper.cfbundle; includeInIndex = 0; path = moviesTests.xctest; sourceTree = BUILT_PRODUCTS_DIR; };
		97B0CACE2A792C90007BFA61 /* HomeViewModelTests.swift */ = {isa = PBXFileReference; lastKnownFileType = sourcecode.swift; path = HomeViewModelTests.swift; sourceTree = "<group>"; };
		97B0CAEC2A79931C007BFA61 /* SearchMoviesDataSourceImpl.swift */ = {isa = PBXFileReference; lastKnownFileType = sourcecode.swift; path = SearchMoviesDataSourceImpl.swift; sourceTree = "<group>"; };
		97B0CAF22A7993C2007BFA61 /* SearchMoviesDataSourceProtocol.swift */ = {isa = PBXFileReference; lastKnownFileType = sourcecode.swift; path = SearchMoviesDataSourceProtocol.swift; sourceTree = "<group>"; };
		97B0CAF42A7993D5007BFA61 /* SearchRepositoryProtocol.swift */ = {isa = PBXFileReference; lastKnownFileType = sourcecode.swift; path = SearchRepositoryProtocol.swift; sourceTree = "<group>"; };
		97B0CAF62A7993EA007BFA61 /* Movie.swift */ = {isa = PBXFileReference; lastKnownFileType = sourcecode.swift; path = Movie.swift; sourceTree = "<group>"; };
		97B0CB342A7AB878007BFA61 /* SearchRepositoryImpl.swift */ = {isa = PBXFileReference; lastKnownFileType = sourcecode.swift; path = SearchRepositoryImpl.swift; sourceTree = "<group>"; };
		97B0CB362A7ABEFA007BFA61 /* HomeViewModel.swift */ = {isa = PBXFileReference; lastKnownFileType = sourcecode.swift; path = HomeViewModel.swift; sourceTree = "<group>"; };
		97B93D972A85125700333748 /* movies.xctestplan */ = {isa = PBXFileReference; lastKnownFileType = text; path = movies.xctestplan; sourceTree = "<group>"; };
		97BA48172A7BF3FB00FCA6A6 /* PosterView.swift */ = {isa = PBXFileReference; lastKnownFileType = sourcecode.swift; path = PosterView.swift; sourceTree = "<group>"; };
		97BA481A2A7EA06400FCA6A6 /* DetailsView.swift */ = {isa = PBXFileReference; lastKnownFileType = sourcecode.swift; path = DetailsView.swift; sourceTree = "<group>"; };
		97BA481F2A7FC9F600FCA6A6 /* DetailsViewModel.swift */ = {isa = PBXFileReference; lastKnownFileType = sourcecode.swift; path = DetailsViewModel.swift; sourceTree = "<group>"; };
		97BA48232A80E9AF00FCA6A6 /* MainView.swift */ = {isa = PBXFileReference; lastKnownFileType = sourcecode.swift; path = MainView.swift; sourceTree = "<group>"; };
		97BA48252A80FD9000FCA6A6 /* Serie.swift */ = {isa = PBXFileReference; lastKnownFileType = sourcecode.swift; path = Serie.swift; sourceTree = "<group>"; };
		97BA48272A80FDE600FCA6A6 /* SearchSeriesDataSourceProtocol.swift */ = {isa = PBXFileReference; lastKnownFileType = sourcecode.swift; path = SearchSeriesDataSourceProtocol.swift; sourceTree = "<group>"; };
		97BA482F2A81016700FCA6A6 /* SearchSeriesDataSourceImpl.swift */ = {isa = PBXFileReference; lastKnownFileType = sourcecode.swift; path = SearchSeriesDataSourceImpl.swift; sourceTree = "<group>"; };
		97BA48332A8104DC00FCA6A6 /* TVListView.swift */ = {isa = PBXFileReference; lastKnownFileType = sourcecode.swift; path = TVListView.swift; sourceTree = "<group>"; };
		97BA48352A8104E600FCA6A6 /* TVListViewModel.swift */ = {isa = PBXFileReference; lastKnownFileType = sourcecode.swift; path = TVListViewModel.swift; sourceTree = "<group>"; };
		97BA48372A8104F300FCA6A6 /* TVDetailsView.swift */ = {isa = PBXFileReference; lastKnownFileType = sourcecode.swift; path = TVDetailsView.swift; sourceTree = "<group>"; };
		97BA48392A816C9800FCA6A6 /* Token.swift */ = {isa = PBXFileReference; lastKnownFileType = sourcecode.swift; path = Token.swift; sourceTree = "<group>"; };
		97BA483C2A81709200FCA6A6 /* NetworkError.swift */ = {isa = PBXFileReference; lastKnownFileType = sourcecode.swift; path = NetworkError.swift; sourceTree = "<group>"; };
		97BA483E2A81728900FCA6A6 /* MovieSerie.swift */ = {isa = PBXFileReference; lastKnownFileType = sourcecode.swift; path = MovieSerie.swift; sourceTree = "<group>"; };
		97BA48402A8246BC00FCA6A6 /* ListTopRateDataSourceImpl.swift */ = {isa = PBXFileReference; lastKnownFileType = sourcecode.swift; path = ListTopRateDataSourceImpl.swift; sourceTree = "<group>"; };
		97BA48422A824B5500FCA6A6 /* ListTopRatedDataSourceProtocol.swift */ = {isa = PBXFileReference; lastKnownFileType = sourcecode.swift; path = ListTopRatedDataSourceProtocol.swift; sourceTree = "<group>"; };
		97BF99442A82B850004C4BAB /* SearchRepositoryMock.swift */ = {isa = PBXFileReference; lastKnownFileType = sourcecode.swift; path = SearchRepositoryMock.swift; sourceTree = "<group>"; };
/* End PBXFileReference section */

/* Begin PBXFrameworksBuildPhase section */
		97B0CAB72A792C8F007BFA61 /* Frameworks */ = {
			isa = PBXFrameworksBuildPhase;
			buildActionMask = 2147483647;
			files = (
			);
			runOnlyForDeploymentPostprocessing = 0;
		};
		97B0CAC72A792C90007BFA61 /* Frameworks */ = {
			isa = PBXFrameworksBuildPhase;
			buildActionMask = 2147483647;
			files = (
			);
			runOnlyForDeploymentPostprocessing = 0;
		};
/* End PBXFrameworksBuildPhase section */

/* Begin PBXGroup section */
		977CDB3E2A837B650076B19D /* TopRated */ = {
			isa = PBXGroup;
			children = (
				977CDB3F2A837B810076B19D /* TopRatedView.swift */,
			);
			path = TopRated;
			sourceTree = "<group>";
		};
		977CDB422A83BD5F0076B19D /* General */ = {
			isa = PBXGroup;
			children = (
				97BA483C2A81709200FCA6A6 /* NetworkError.swift */,
			);
			path = General;
			sourceTree = "<group>";
		};
		977CDB452A8505180076B19D /* Extensions */ = {
			isa = PBXGroup;
			children = (
				977CDB462A85053A0076B19D /* URLSessionExtension.swift */,
			);
			path = Extensions;
			sourceTree = "<group>";
		};
		977CDB4C2A8506A40076B19D /* Suts */ = {
			isa = PBXGroup;
			children = (
				97B0CACE2A792C90007BFA61 /* HomeViewModelTests.swift */,
				977CDB4D2A8506C50076B19D /* SearchMovieDataSourceTest.swift */,
			);
			path = Suts;
			sourceTree = "<group>";
		};
		97B0CAB12A792C8F007BFA61 = {
			isa = PBXGroup;
			children = (
				97B93D972A85125700333748 /* movies.xctestplan */,
				97B0CABC2A792C8F007BFA61 /* movies */,
				97B0CACD2A792C90007BFA61 /* moviesTests */,
				97B0CABB2A792C8F007BFA61 /* Products */,
			);
			sourceTree = "<group>";
		};
		97B0CABB2A792C8F007BFA61 /* Products */ = {
			isa = PBXGroup;
			children = (
				97B0CABA2A792C8F007BFA61 /* movies.app */,
				97B0CACA2A792C90007BFA61 /* moviesTests.xctest */,
			);
			name = Products;
			sourceTree = "<group>";
		};
		97B0CABC2A792C8F007BFA61 /* movies */ = {
			isa = PBXGroup;
			children = (
				97BA48142A7BF19600FCA6A6 /* App */,
				97B0CAEE2A799351007BFA61 /* Domain */,
				97BA48122A7BF14900FCA6A6 /* Presentation */,
				97B0CAE72A7992C1007BFA61 /* Data */,
				97B0CAC32A792C90007BFA61 /* Preview Content */,
			);
			path = movies;
			sourceTree = "<group>";
		};
		97B0CAC32A792C90007BFA61 /* Preview Content */ = {
			isa = PBXGroup;
			children = (
				97B0CAC42A792C90007BFA61 /* Preview Assets.xcassets */,
			);
			path = "Preview Content";
			sourceTree = "<group>";
		};
		97B0CACD2A792C90007BFA61 /* moviesTests */ = {
			isa = PBXGroup;
			children = (
				977CDB4C2A8506A40076B19D /* Suts */,
				97BA48212A80CF5E00FCA6A6 /* TestUtils */,
			);
			path = moviesTests;
			sourceTree = "<group>";
		};
		97B0CAE72A7992C1007BFA61 /* Data */ = {
			isa = PBXGroup;
			children = (
				97BA483B2A81708200FCA6A6 /* Utils */,
				97B0CAF12A79937B007BFA61 /* Protocols */,
				97B0CAE92A7992D5007BFA61 /* Impl */,
			);
			path = Data;
			sourceTree = "<group>";
		};
		97B0CAE92A7992D5007BFA61 /* Impl */ = {
			isa = PBXGroup;
			children = (
				97B0CB342A7AB878007BFA61 /* SearchRepositoryImpl.swift */,
				97B0CAEC2A79931C007BFA61 /* SearchMoviesDataSourceImpl.swift */,
				97BA482F2A81016700FCA6A6 /* SearchSeriesDataSourceImpl.swift */,
				97BA48402A8246BC00FCA6A6 /* ListTopRateDataSourceImpl.swift */,
			);
			path = Impl;
			sourceTree = "<group>";
		};
		97B0CAEE2A799351007BFA61 /* Domain */ = {
			isa = PBXGroup;
			children = (
				97B0CAF02A799365007BFA61 /* Models */,
			);
			path = Domain;
			sourceTree = "<group>";
		};
		97B0CAF02A799365007BFA61 /* Models */ = {
			isa = PBXGroup;
			children = (
				977CDB422A83BD5F0076B19D /* General */,
				97B0CAF62A7993EA007BFA61 /* Movie.swift */,
				97BA48252A80FD9000FCA6A6 /* Serie.swift */,
				97BA483E2A81728900FCA6A6 /* MovieSerie.swift */,
				977CDB4F2A85093C0076B19D /* MoviesResponse.swift */,
			);
			path = Models;
			sourceTree = "<group>";
		};
		97B0CAF12A79937B007BFA61 /* Protocols */ = {
			isa = PBXGroup;
			children = (
				977CDB432A8504E90076B19D /* NetworkFecthingProtocol.swift */,
				97B0CAF42A7993D5007BFA61 /* SearchRepositoryProtocol.swift */,
				97B0CAF22A7993C2007BFA61 /* SearchMoviesDataSourceProtocol.swift */,
				97BA48272A80FDE600FCA6A6 /* SearchSeriesDataSourceProtocol.swift */,
				97BA48422A824B5500FCA6A6 /* ListTopRatedDataSourceProtocol.swift */,
			);
			path = Protocols;
			sourceTree = "<group>";
		};
		97BA48122A7BF14900FCA6A6 /* Presentation */ = {
			isa = PBXGroup;
			children = (
				97BA48232A80E9AF00FCA6A6 /* MainView.swift */,
				97BA48132A7BF15000FCA6A6 /* Home */,
				97BA48192A7EA04B00FCA6A6 /* Details */,
				97BA481C2A7EC9B600FCA6A6 /* PosterView */,
				977CDB3E2A837B650076B19D /* TopRated */,
				97BA48322A8104B700FCA6A6 /* TVDetails */,
				97BA48312A8104AF00FCA6A6 /* TVList */,
			);
			path = Presentation;
			sourceTree = "<group>";
		};
		97BA48132A7BF15000FCA6A6 /* Home */ = {
			isa = PBXGroup;
			children = (
				97B0CABF2A792C8F007BFA61 /* HomeView.swift */,
				97B0CB362A7ABEFA007BFA61 /* HomeViewModel.swift */,
			);
			path = Home;
			sourceTree = "<group>";
		};
		97BA48142A7BF19600FCA6A6 /* App */ = {
			isa = PBXGroup;
			children = (
				97B0CABD2A792C8F007BFA61 /* moviesApp.swift */,
				97BA48152A7BF1B900FCA6A6 /* Resources */,
			);
			path = App;
			sourceTree = "<group>";
		};
		97BA48152A7BF1B900FCA6A6 /* Resources */ = {
			isa = PBXGroup;
			children = (
				97B0CAC12A792C90007BFA61 /* Assets.xcassets */,
			);
			path = Resources;
			sourceTree = "<group>";
		};
		97BA48192A7EA04B00FCA6A6 /* Details */ = {
			isa = PBXGroup;
			children = (
				97BA481A2A7EA06400FCA6A6 /* DetailsView.swift */,
				97BA481F2A7FC9F600FCA6A6 /* DetailsViewModel.swift */,
			);
			path = Details;
			sourceTree = "<group>";
		};
		97BA481C2A7EC9B600FCA6A6 /* PosterView */ = {
			isa = PBXGroup;
			children = (
				97BA48172A7BF3FB00FCA6A6 /* PosterView.swift */,
			);
			path = PosterView;
			sourceTree = "<group>";
		};
		97BA48212A80CF5E00FCA6A6 /* TestUtils */ = {
			isa = PBXGroup;
			children = (
				97BA48222A80CF7200FCA6A6 /* Mocks */,
			);
			path = TestUtils;
			sourceTree = "<group>";
		};
		97BA48222A80CF7200FCA6A6 /* Mocks */ = {
			isa = PBXGroup;
			children = (
				97BF99442A82B850004C4BAB /* SearchRepositoryMock.swift */,
				977CDB482A8506400076B19D /* URLProtocolMock.swift */,
				977CDB4A2A85066E0076B19D /* NetworkFetchingMock.swift */,
			);
			path = Mocks;
			sourceTree = "<group>";
		};
		97BA48312A8104AF00FCA6A6 /* TVList */ = {
			isa = PBXGroup;
			children = (
				97BA48332A8104DC00FCA6A6 /* TVListView.swift */,
				97BA48352A8104E600FCA6A6 /* TVListViewModel.swift */,
			);
			path = TVList;
			sourceTree = "<group>";
		};
		97BA48322A8104B700FCA6A6 /* TVDetails */ = {
			isa = PBXGroup;
			children = (
				97BA48372A8104F300FCA6A6 /* TVDetailsView.swift */,
			);
			path = TVDetails;
			sourceTree = "<group>";
		};
		97BA483B2A81708200FCA6A6 /* Utils */ = {
			isa = PBXGroup;
			children = (
				977CDB452A8505180076B19D /* Extensions */,
				97BA48392A816C9800FCA6A6 /* Token.swift */,
			);
			path = Utils;
			sourceTree = "<group>";
		};
/* End PBXGroup section */

/* Begin PBXNativeTarget section */
		97B0CAB92A792C8F007BFA61 /* movies */ = {
			isa = PBXNativeTarget;
			buildConfigurationList = 97B0CADE2A792C91007BFA61 /* Build configuration list for PBXNativeTarget "movies" */;
			buildPhases = (
				97B0CAB62A792C8F007BFA61 /* Sources */,
				97B0CAB72A792C8F007BFA61 /* Frameworks */,
				97B0CAB82A792C8F007BFA61 /* Resources */,
			);
			buildRules = (
			);
			dependencies = (
			);
			name = movies;
			productName = movies;
			productReference = 97B0CABA2A792C8F007BFA61 /* movies.app */;
			productType = "com.apple.product-type.application";
		};
		97B0CAC92A792C90007BFA61 /* moviesTests */ = {
			isa = PBXNativeTarget;
			buildConfigurationList = 97B0CAE12A792C91007BFA61 /* Build configuration list for PBXNativeTarget "moviesTests" */;
			buildPhases = (
				97B0CAC62A792C90007BFA61 /* Sources */,
				97B0CAC72A792C90007BFA61 /* Frameworks */,
				97B0CAC82A792C90007BFA61 /* Resources */,
			);
			buildRules = (
			);
			dependencies = (
				97B0CACC2A792C90007BFA61 /* PBXTargetDependency */,
			);
			name = moviesTests;
			productName = moviesTests;
			productReference = 97B0CACA2A792C90007BFA61 /* moviesTests.xctest */;
			productType = "com.apple.product-type.bundle.unit-test";
		};
/* End PBXNativeTarget section */

/* Begin PBXProject section */
		97B0CAB22A792C8F007BFA61 /* Project object */ = {
			isa = PBXProject;
			attributes = {
				BuildIndependentTargetsInParallel = 1;
				LastSwiftUpdateCheck = 1430;
				LastUpgradeCheck = 1430;
				TargetAttributes = {
					97B0CAB92A792C8F007BFA61 = {
						CreatedOnToolsVersion = 14.3.1;
					};
					97B0CAC92A792C90007BFA61 = {
						CreatedOnToolsVersion = 14.3.1;
						TestTargetID = 97B0CAB92A792C8F007BFA61;
					};
				};
			};
			buildConfigurationList = 97B0CAB52A792C8F007BFA61 /* Build configuration list for PBXProject "movies" */;
			compatibilityVersion = "Xcode 14.0";
			developmentRegion = en;
			hasScannedForEncodings = 0;
			knownRegions = (
				en,
				Base,
			);
			mainGroup = 97B0CAB12A792C8F007BFA61;
			productRefGroup = 97B0CABB2A792C8F007BFA61 /* Products */;
			projectDirPath = "";
			projectRoot = "";
			targets = (
				97B0CAB92A792C8F007BFA61 /* movies */,
				97B0CAC92A792C90007BFA61 /* moviesTests */,
			);
		};
/* End PBXProject section */

/* Begin PBXResourcesBuildPhase section */
		97B0CAB82A792C8F007BFA61 /* Resources */ = {
			isa = PBXResourcesBuildPhase;
			buildActionMask = 2147483647;
			files = (
				97B0CAC52A792C90007BFA61 /* Preview Assets.xcassets in Resources */,
				97B0CAC22A792C90007BFA61 /* Assets.xcassets in Resources */,
			);
			runOnlyForDeploymentPostprocessing = 0;
		};
		97B0CAC82A792C90007BFA61 /* Resources */ = {
			isa = PBXResourcesBuildPhase;
			buildActionMask = 2147483647;
			files = (
			);
			runOnlyForDeploymentPostprocessing = 0;
		};
/* End PBXResourcesBuildPhase section */

/* Begin PBXSourcesBuildPhase section */
		97B0CAB62A792C8F007BFA61 /* Sources */ = {
			isa = PBXSourcesBuildPhase;
			buildActionMask = 2147483647;
			files = (
				97BA48282A80FDE600FCA6A6 /* SearchSeriesDataSourceProtocol.swift in Sources */,
				97B0CB352A7AB878007BFA61 /* SearchRepositoryImpl.swift in Sources */,
				97BA48302A81016700FCA6A6 /* SearchSeriesDataSourceImpl.swift in Sources */,
				97BA48262A80FD9000FCA6A6 /* Serie.swift in Sources */,
				97BA48242A80E9AF00FCA6A6 /* MainView.swift in Sources */,
				97B0CAF52A7993D5007BFA61 /* SearchRepositoryProtocol.swift in Sources */,
				97B0CAC02A792C8F007BFA61 /* HomeView.swift in Sources */,
				97B0CB372A7ABEFA007BFA61 /* HomeViewModel.swift in Sources */,
				97BA48182A7BF3FB00FCA6A6 /* PosterView.swift in Sources */,
				97BA48202A7FC9F600FCA6A6 /* DetailsViewModel.swift in Sources */,
				97BA48432A824B5500FCA6A6 /* ListTopRatedDataSourceProtocol.swift in Sources */,
				977CDB402A837B810076B19D /* TopRatedView.swift in Sources */,
				97BA48362A8104E600FCA6A6 /* TVListViewModel.swift in Sources */,
				97B0CAF72A7993EA007BFA61 /* Movie.swift in Sources */,
				97BA481B2A7EA06400FCA6A6 /* DetailsView.swift in Sources */,
				97B0CAED2A79931C007BFA61 /* SearchMoviesDataSourceImpl.swift in Sources */,
				977CDB472A85053A0076B19D /* URLSessionExtension.swift in Sources */,
				97BA483A2A816C9800FCA6A6 /* Token.swift in Sources */,
				97BA483F2A81728900FCA6A6 /* MovieSerie.swift in Sources */,
				97BA483D2A81709200FCA6A6 /* NetworkError.swift in Sources */,
				977CDB502A85093C0076B19D /* MoviesResponse.swift in Sources */,
				97BA48412A8246BC00FCA6A6 /* ListTopRateDataSourceImpl.swift in Sources */,
				97BA48342A8104DC00FCA6A6 /* TVListView.swift in Sources */,
				97BA48382A8104F300FCA6A6 /* TVDetailsView.swift in Sources */,
				97B0CAF32A7993C2007BFA61 /* SearchMoviesDataSourceProtocol.swift in Sources */,
				97B0CABE2A792C8F007BFA61 /* moviesApp.swift in Sources */,
				977CDB442A8504E90076B19D /* NetworkFecthingProtocol.swift in Sources */,
			);
			runOnlyForDeploymentPostprocessing = 0;
		};
		97B0CAC62A792C90007BFA61 /* Sources */ = {
			isa = PBXSourcesBuildPhase;
			buildActionMask = 2147483647;
			files = (
				977CDB4E2A8506C50076B19D /* SearchMovieDataSourceTest.swift in Sources */,
				977CDB4B2A85066E0076B19D /* NetworkFetchingMock.swift in Sources */,
				97B0CACF2A792C90007BFA61 /* HomeViewModelTests.swift in Sources */,
				977CDB492A8506400076B19D /* URLProtocolMock.swift in Sources */,
				97BF99452A82B850004C4BAB /* SearchRepositoryMock.swift in Sources */,
			);
			runOnlyForDeploymentPostprocessing = 0;
		};
/* End PBXSourcesBuildPhase section */

/* Begin PBXTargetDependency section */
		97B0CACC2A792C90007BFA61 /* PBXTargetDependency */ = {
			isa = PBXTargetDependency;
			target = 97B0CAB92A792C8F007BFA61 /* movies */;
			targetProxy = 97B0CACB2A792C90007BFA61 /* PBXContainerItemProxy */;
		};
/* End PBXTargetDependency section */

/* Begin XCBuildConfiguration section */
		97B0CADC2A792C91007BFA61 /* Debug */ = {
			isa = XCBuildConfiguration;
			buildSettings = {
				ALWAYS_SEARCH_USER_PATHS = NO;
				CLANG_ANALYZER_NONNULL = YES;
				CLANG_ANALYZER_NUMBER_OBJECT_CONVERSION = YES_AGGRESSIVE;
				CLANG_CXX_LANGUAGE_STANDARD = "gnu++20";
				CLANG_ENABLE_MODULES = YES;
				CLANG_ENABLE_OBJC_ARC = YES;
				CLANG_ENABLE_OBJC_WEAK = YES;
				CLANG_WARN_BLOCK_CAPTURE_AUTORELEASING = YES;
				CLANG_WARN_BOOL_CONVERSION = YES;
				CLANG_WARN_COMMA = YES;
				CLANG_WARN_CONSTANT_CONVERSION = YES;
				CLANG_WARN_DEPRECATED_OBJC_IMPLEMENTATIONS = YES;
				CLANG_WARN_DIRECT_OBJC_ISA_USAGE = YES_ERROR;
				CLANG_WARN_DOCUMENTATION_COMMENTS = YES;
				CLANG_WARN_EMPTY_BODY = YES;
				CLANG_WARN_ENUM_CONVERSION = YES;
				CLANG_WARN_INFINITE_RECURSION = YES;
				CLANG_WARN_INT_CONVERSION = YES;
				CLANG_WARN_NON_LITERAL_NULL_CONVERSION = YES;
				CLANG_WARN_OBJC_IMPLICIT_RETAIN_SELF = YES;
				CLANG_WARN_OBJC_LITERAL_CONVERSION = YES;
				CLANG_WARN_OBJC_ROOT_CLASS = YES_ERROR;
				CLANG_WARN_QUOTED_INCLUDE_IN_FRAMEWORK_HEADER = YES;
				CLANG_WARN_RANGE_LOOP_ANALYSIS = YES;
				CLANG_WARN_STRICT_PROTOTYPES = YES;
				CLANG_WARN_SUSPICIOUS_MOVE = YES;
				CLANG_WARN_UNGUARDED_AVAILABILITY = YES_AGGRESSIVE;
				CLANG_WARN_UNREACHABLE_CODE = YES;
				CLANG_WARN__DUPLICATE_METHOD_MATCH = YES;
				COPY_PHASE_STRIP = NO;
				DEBUG_INFORMATION_FORMAT = dwarf;
				ENABLE_STRICT_OBJC_MSGSEND = YES;
				ENABLE_TESTABILITY = YES;
				GCC_C_LANGUAGE_STANDARD = gnu11;
				GCC_DYNAMIC_NO_PIC = NO;
				GCC_NO_COMMON_BLOCKS = YES;
				GCC_OPTIMIZATION_LEVEL = 0;
				GCC_PREPROCESSOR_DEFINITIONS = (
					"DEBUG=1",
					"$(inherited)",
				);
				GCC_WARN_64_TO_32_BIT_CONVERSION = YES;
				GCC_WARN_ABOUT_RETURN_TYPE = YES_ERROR;
				GCC_WARN_UNDECLARED_SELECTOR = YES;
				GCC_WARN_UNINITIALIZED_AUTOS = YES_AGGRESSIVE;
				GCC_WARN_UNUSED_FUNCTION = YES;
				GCC_WARN_UNUSED_VARIABLE = YES;
				IPHONEOS_DEPLOYMENT_TARGET = 16.0;
				MTL_ENABLE_DEBUG_INFO = INCLUDE_SOURCE;
				MTL_FAST_MATH = YES;
				ONLY_ACTIVE_ARCH = YES;
				SDKROOT = iphoneos;
				SWIFT_ACTIVE_COMPILATION_CONDITIONS = DEBUG;
				SWIFT_OPTIMIZATION_LEVEL = "-Onone";
			};
			name = Debug;
		};
		97B0CADD2A792C91007BFA61 /* Release */ = {
			isa = XCBuildConfiguration;
			buildSettings = {
				ALWAYS_SEARCH_USER_PATHS = NO;
				CLANG_ANALYZER_NONNULL = YES;
				CLANG_ANALYZER_NUMBER_OBJECT_CONVERSION = YES_AGGRESSIVE;
				CLANG_CXX_LANGUAGE_STANDARD = "gnu++20";
				CLANG_ENABLE_MODULES = YES;
				CLANG_ENABLE_OBJC_ARC = YES;
				CLANG_ENABLE_OBJC_WEAK = YES;
				CLANG_WARN_BLOCK_CAPTURE_AUTORELEASING = YES;
				CLANG_WARN_BOOL_CONVERSION = YES;
				CLANG_WARN_COMMA = YES;
				CLANG_WARN_CONSTANT_CONVERSION = YES;
				CLANG_WARN_DEPRECATED_OBJC_IMPLEMENTATIONS = YES;
				CLANG_WARN_DIRECT_OBJC_ISA_USAGE = YES_ERROR;
				CLANG_WARN_DOCUMENTATION_COMMENTS = YES;
				CLANG_WARN_EMPTY_BODY = YES;
				CLANG_WARN_ENUM_CONVERSION = YES;
				CLANG_WARN_INFINITE_RECURSION = YES;
				CLANG_WARN_INT_CONVERSION = YES;
				CLANG_WARN_NON_LITERAL_NULL_CONVERSION = YES;
				CLANG_WARN_OBJC_IMPLICIT_RETAIN_SELF = YES;
				CLANG_WARN_OBJC_LITERAL_CONVERSION = YES;
				CLANG_WARN_OBJC_ROOT_CLASS = YES_ERROR;
				CLANG_WARN_QUOTED_INCLUDE_IN_FRAMEWORK_HEADER = YES;
				CLANG_WARN_RANGE_LOOP_ANALYSIS = YES;
				CLANG_WARN_STRICT_PROTOTYPES = YES;
				CLANG_WARN_SUSPICIOUS_MOVE = YES;
				CLANG_WARN_UNGUARDED_AVAILABILITY = YES_AGGRESSIVE;
				CLANG_WARN_UNREACHABLE_CODE = YES;
				CLANG_WARN__DUPLICATE_METHOD_MATCH = YES;
				COPY_PHASE_STRIP = NO;
				DEBUG_INFORMATION_FORMAT = "dwarf-with-dsym";
				ENABLE_NS_ASSERTIONS = NO;
				ENABLE_STRICT_OBJC_MSGSEND = YES;
				GCC_C_LANGUAGE_STANDARD = gnu11;
				GCC_NO_COMMON_BLOCKS = YES;
				GCC_WARN_64_TO_32_BIT_CONVERSION = YES;
				GCC_WARN_ABOUT_RETURN_TYPE = YES_ERROR;
				GCC_WARN_UNDECLARED_SELECTOR = YES;
				GCC_WARN_UNINITIALIZED_AUTOS = YES_AGGRESSIVE;
				GCC_WARN_UNUSED_FUNCTION = YES;
				GCC_WARN_UNUSED_VARIABLE = YES;
				IPHONEOS_DEPLOYMENT_TARGET = 16.0;
				MTL_ENABLE_DEBUG_INFO = NO;
				MTL_FAST_MATH = YES;
				SDKROOT = iphoneos;
				SWIFT_COMPILATION_MODE = wholemodule;
				SWIFT_OPTIMIZATION_LEVEL = "-O";
				VALIDATE_PRODUCT = YES;
			};
			name = Release;
		};
		97B0CADF2A792C91007BFA61 /* Debug */ = {
			isa = XCBuildConfiguration;
			buildSettings = {
				ASSETCATALOG_COMPILER_APPICON_NAME = AppIcon;
				ASSETCATALOG_COMPILER_GLOBAL_ACCENT_COLOR_NAME = AccentColor;
				CODE_SIGN_STYLE = Automatic;
				CURRENT_PROJECT_VERSION = 1;
				DEVELOPMENT_ASSET_PATHS = "\"movies/Preview Content\"";
				DEVELOPMENT_TEAM = LZMN77JJCD;
				ENABLE_PREVIEWS = YES;
				GENERATE_INFOPLIST_FILE = YES;
				INFOPLIST_KEY_UIApplicationSceneManifest_Generation = YES;
				INFOPLIST_KEY_UIApplicationSupportsIndirectInputEvents = YES;
				INFOPLIST_KEY_UILaunchScreen_Generation = YES;
				INFOPLIST_KEY_UISupportedInterfaceOrientations_iPad = "UIInterfaceOrientationPortrait UIInterfaceOrientationPortraitUpsideDown UIInterfaceOrientationLandscapeLeft UIInterfaceOrientationLandscapeRight";
				INFOPLIST_KEY_UISupportedInterfaceOrientations_iPhone = "UIInterfaceOrientationPortrait UIInterfaceOrientationLandscapeLeft UIInterfaceOrientationLandscapeRight";
				IPHONEOS_DEPLOYMENT_TARGET = 16.0;
				LD_RUNPATH_SEARCH_PATHS = (
					"$(inherited)",
					"@executable_path/Frameworks",
				);
				MARKETING_VERSION = 1.0;
				PRODUCT_BUNDLE_IDENTIFIER = com.amandamov.movies;
				PRODUCT_NAME = "$(TARGET_NAME)";
				SWIFT_EMIT_LOC_STRINGS = YES;
				SWIFT_VERSION = 5.0;
				TARGETED_DEVICE_FAMILY = "1,2";
			};
			name = Debug;
		};
		97B0CAE02A792C91007BFA61 /* Release */ = {
			isa = XCBuildConfiguration;
			buildSettings = {
				ASSETCATALOG_COMPILER_APPICON_NAME = AppIcon;
				ASSETCATALOG_COMPILER_GLOBAL_ACCENT_COLOR_NAME = AccentColor;
				CODE_SIGN_STYLE = Automatic;
				CURRENT_PROJECT_VERSION = 1;
				DEVELOPMENT_ASSET_PATHS = "\"movies/Preview Content\"";
				DEVELOPMENT_TEAM = LZMN77JJCD;
				ENABLE_PREVIEWS = YES;
				GENERATE_INFOPLIST_FILE = YES;
				INFOPLIST_KEY_UIApplicationSceneManifest_Generation = YES;
				INFOPLIST_KEY_UIApplicationSupportsIndirectInputEvents = YES;
				INFOPLIST_KEY_UILaunchScreen_Generation = YES;
				INFOPLIST_KEY_UISupportedInterfaceOrientations_iPad = "UIInterfaceOrientationPortrait UIInterfaceOrientationPortraitUpsideDown UIInterfaceOrientationLandscapeLeft UIInterfaceOrientationLandscapeRight";
				INFOPLIST_KEY_UISupportedInterfaceOrientations_iPhone = "UIInterfaceOrientationPortrait UIInterfaceOrientationLandscapeLeft UIInterfaceOrientationLandscapeRight";
				IPHONEOS_DEPLOYMENT_TARGET = 16.0;
				LD_RUNPATH_SEARCH_PATHS = (
					"$(inherited)",
					"@executable_path/Frameworks",
				);
				MARKETING_VERSION = 1.0;
				PRODUCT_BUNDLE_IDENTIFIER = com.amandamov.movies;
				PRODUCT_NAME = "$(TARGET_NAME)";
				SWIFT_EMIT_LOC_STRINGS = YES;
				SWIFT_VERSION = 5.0;
				TARGETED_DEVICE_FAMILY = "1,2";
			};
			name = Release;
		};
		97B0CAE22A792C91007BFA61 /* Debug */ = {
			isa = XCBuildConfiguration;
			buildSettings = {
				ALWAYS_EMBED_SWIFT_STANDARD_LIBRARIES = YES;
				BUNDLE_LOADER = "$(TEST_HOST)";
				CODE_SIGN_STYLE = Automatic;
				CURRENT_PROJECT_VERSION = 1;
				DEVELOPMENT_TEAM = LZMN77JJCD;
				GENERATE_INFOPLIST_FILE = YES;
				IPHONEOS_DEPLOYMENT_TARGET = 16.0;
				MARKETING_VERSION = 1.0;
				PRODUCT_BUNDLE_IDENTIFIER = com.amandamov.moviesTests;
				PRODUCT_NAME = "$(TARGET_NAME)";
				SWIFT_EMIT_LOC_STRINGS = NO;
				SWIFT_VERSION = 5.0;
				TARGETED_DEVICE_FAMILY = "1,2";
				TEST_HOST = "$(BUILT_PRODUCTS_DIR)/movies.app/$(BUNDLE_EXECUTABLE_FOLDER_PATH)/movies";
			};
			name = Debug;
		};
		97B0CAE32A792C91007BFA61 /* Release */ = {
			isa = XCBuildConfiguration;
			buildSettings = {
				ALWAYS_EMBED_SWIFT_STANDARD_LIBRARIES = YES;
				BUNDLE_LOADER = "$(TEST_HOST)";
				CODE_SIGN_STYLE = Automatic;
				CURRENT_PROJECT_VERSION = 1;
				DEVELOPMENT_TEAM = LZMN77JJCD;
				GENERATE_INFOPLIST_FILE = YES;
				IPHONEOS_DEPLOYMENT_TARGET = 16.0;
				MARKETING_VERSION = 1.0;
				PRODUCT_BUNDLE_IDENTIFIER = com.amandamov.moviesTests;
				PRODUCT_NAME = "$(TARGET_NAME)";
				SWIFT_EMIT_LOC_STRINGS = NO;
				SWIFT_VERSION = 5.0;
				TARGETED_DEVICE_FAMILY = "1,2";
				TEST_HOST = "$(BUILT_PRODUCTS_DIR)/movies.app/$(BUNDLE_EXECUTABLE_FOLDER_PATH)/movies";
			};
			name = Release;
		};
/* End XCBuildConfiguration section */

/* Begin XCConfigurationList section */
		97B0CAB52A792C8F007BFA61 /* Build configuration list for PBXProject "movies" */ = {
			isa = XCConfigurationList;
			buildConfigurations = (
				97B0CADC2A792C91007BFA61 /* Debug */,
				97B0CADD2A792C91007BFA61 /* Release */,
			);
			defaultConfigurationIsVisible = 0;
			defaultConfigurationName = Release;
		};
		97B0CADE2A792C91007BFA61 /* Build configuration list for PBXNativeTarget "movies" */ = {
			isa = XCConfigurationList;
			buildConfigurations = (
				97B0CADF2A792C91007BFA61 /* Debug */,
				97B0CAE02A792C91007BFA61 /* Release */,
			);
			defaultConfigurationIsVisible = 0;
			defaultConfigurationName = Release;
		};
		97B0CAE12A792C91007BFA61 /* Build configuration list for PBXNativeTarget "moviesTests" */ = {
			isa = XCConfigurationList;
			buildConfigurations = (
				97B0CAE22A792C91007BFA61 /* Debug */,
				97B0CAE32A792C91007BFA61 /* Release */,
			);
			defaultConfigurationIsVisible = 0;
			defaultConfigurationName = Release;
		};
/* End XCConfigurationList section */
	};
	rootObject = 97B0CAB22A792C8F007BFA61 /* Project object */;
}
